
Microsoft Visual Studio Solution File, Format Version 12.00
# Visual Studio 2015
Project("{FAE04EC0-301F-11D3-BF4B-00C04F79EFBC}") = "Environment.CSharp.Plugins", "Environment.CSharp.Plugins.csproj", "{3C6183D7-2798-4219-478A-612173EC4E3A}"
EndProject
Project("{FAE04EC0-301F-11D3-BF4B-00C04F79EFBC}") = "Environment.CSharp", "Environment.CSharp.csproj", "{BB9DA0A5-7B5C-9365-B6D3-4DA0CA0F60C2}"
EndProject
Project("{FAE04EC0-301F-11D3-BF4B-00C04F79EFBC}") = "Environment.CSharp.Editor.Plugins", "Environment.CSharp.Editor.Plugins.csproj", "{20B20146-33B6-249E-4E6F-4527679BBA04}"
EndProject
Project("{FAE04EC0-301F-11D3-BF4B-00C04F79EFBC}") = "Environment.CSharp.Editor", "Environment.CSharp.Editor.csproj", "{34C75DDF-72A9-B33E-D236-9A010F70CE7D}"
EndProject
Global
	GlobalSection(SolutionConfigurationPlatforms) = preSolution
		Debug|Any CPU = Debug|Any CPU
		Release|Any CPU = Release|Any CPU
	EndGlobalSection
	GlobalSection(ProjectConfigurationPlatforms) = postSolution
		{3C6183D7-2798-4219-478A-612173EC4E3A}.Debug|Any CPU.ActiveCfg = Debug|Any CPU
		{3C6183D7-2798-4219-478A-612173EC4E3A}.Debug|Any CPU.Build.0 = Debug|Any CPU
		{3C6183D7-2798-4219-478A-612173EC4E3A}.Release|Any CPU.ActiveCfg = Release|Any CPU
		{3C6183D7-2798-4219-478A-612173EC4E3A}.Release|Any CPU.Build.0 = Release|Any CPU
		{BB9DA0A5-7B5C-9365-B6D3-4DA0CA0F60C2}.Debug|Any CPU.ActiveCfg = Debug|Any CPU
		{BB9DA0A5-7B5C-9365-B6D3-4DA0CA0F60C2}.Debug|Any CPU.Build.0 = Debug|Any CPU
		{BB9DA0A5-7B5C-9365-B6D3-4DA0CA0F60C2}.Release|Any CPU.ActiveCfg = Release|Any CPU
		{BB9DA0A5-7B5C-9365-B6D3-4DA0CA0F60C2}.Release|Any CPU.Build.0 = Release|Any CPU
		{20B20146-33B6-249E-4E6F-4527679BBA04}.Debug|Any CPU.ActiveCfg = Debug|Any CPU
		{20B20146-33B6-249E-4E6F-4527679BBA04}.Debug|Any CPU.Build.0 = Debug|Any CPU
		{20B20146-33B6-249E-4E6F-4527679BBA04}.Release|Any CPU.ActiveCfg = Release|Any CPU
		{20B20146-33B6-249E-4E6F-4527679BBA04}.Release|Any CPU.Build.0 = Release|Any CPU
		{34C75DDF-72A9-B33E-D236-9A010F70CE7D}.Debug|Any CPU.ActiveCfg = Debug|Any CPU
		{34C75DDF-72A9-B33E-D236-9A010F70CE7D}.Debug|Any CPU.Build.0 = Debug|Any CPU
		{34C75DDF-72A9-B33E-D236-9A010F70CE7D}.Release|Any CPU.ActiveCfg = Release|Any CPU
		{34C75DDF-72A9-B33E-D236-9A010F70CE7D}.Release|Any CPU.Build.0 = Release|Any CPU
	EndGlobalSection
	GlobalSection(SolutionProperties) = preSolution
		HideSolutionNode = FALSE
	EndGlobalSection
EndGlobal
